
Microsoft Visual Studio Solution File, Format Version 12.00
# Visual Studio Version 17
VisualStudioVersion = 17.9.34723.18
MinimumVisualStudioVersion = 10.0.40219.1
Project("{2150E333-8FDC-42A3-9474-1A3956D46DE8}") = "Services", "Services", "{1DC6F731-87A2-4835-8D51-D17431DF47B5}"
EndProject
Project("{2150E333-8FDC-42A3-9474-1A3956D46DE8}") = "Catalog", "Catalog", "{D47918FA-5EEF-4B72-A1FD-C50EEA4EAD74}"
EndProject
Project("{9A19103F-16F7-4668-BE54-9A1E7A4F7556}") = "Catalog.API", "Services\Catalog\Catalog.API\Catalog.API.csproj", "{A1E8F181-CE31-4DBE-997F-8E2AB69A0B1C}"
EndProject
Project("{2150E333-8FDC-42A3-9474-1A3956D46DE8}") = "BuildingBlocks", "BuildingBlocks", "{9BB2A490-9CEB-48C0-938E-11A18BF37F23}"
EndProject
Project("{9A19103F-16F7-4668-BE54-9A1E7A4F7556}") = "BuildingBlocks", "BuildingBlocks\BuildingBlocks\BuildingBlocks.csproj", "{8096B9F9-1C9E-49CE-B407-F864B2FB361B}"
EndProject
Project("{E53339B2-1760-4266-BCC7-CA923CBCF16C}") = "docker-compose", "docker-compose.dcproj", "{3AFB97DB-1236-4CFB-BA31-1FB484B42508}"
EndProject
Project("{2150E333-8FDC-42A3-9474-1A3956D46DE8}") = "Basket", "Basket", "{14B54E68-D8E0-4735-A919-9976EF72FEAB}"
EndProject
Project("{9A19103F-16F7-4668-BE54-9A1E7A4F7556}") = "Basket.API", "Services\Basket\Basket.API\Basket.API.csproj", "{DE9260CB-E433-42D1-B51C-71059096731B}"
EndProject
Project("{2150E333-8FDC-42A3-9474-1A3956D46DE8}") = "Discount", "Discount", "{F079BEB9-EDEB-4611-A9D1-3C32ACD281DE}"
EndProject
Project("{9A19103F-16F7-4668-BE54-9A1E7A4F7556}") = "Discount.Grpc", "Services\Discount\Discount.Grpc\Discount.Grpc.csproj", "{AC81DBCC-5352-4B8A-8274-99776F5AAFC6}"
EndProject
Project("{2150E333-8FDC-42A3-9474-1A3956D46DE8}") = "Ordering", "Ordering", "{C58F8082-076C-4C03-B713-77434AF85092}"
EndProject
Project("{9A19103F-16F7-4668-BE54-9A1E7A4F7556}") = "Ordering.API", "Services\Ordering\Ordering.API\Ordering.API.csproj", "{F94D906C-DE46-4DED-AD19-E8A136D2F7A6}"
EndProject
Project("{9A19103F-16F7-4668-BE54-9A1E7A4F7556}") = "Ordering.Domain", "Services\Ordering\Ordering.Domain\Ordering.Domain.csproj", "{EC9EE24E-5771-4A53-9076-3FEF48BD3CFB}"
EndProject
Project("{9A19103F-16F7-4668-BE54-9A1E7A4F7556}") = "Ordering.Application", "Services\Ordering\Ordering.Application\Ordering.Application.csproj", "{764E0D3C-9BC5-44CF-A822-BAE295D54234}"
EndProject
Project("{9A19103F-16F7-4668-BE54-9A1E7A4F7556}") = "Ordering.Infrastructure", "Services\Ordering\Ordering.Infrastructure\Ordering.Infrastructure.csproj", "{D8F4E782-32EC-4D30-884A-D6B1B313CB4B}"
EndProject
Project("{FAE04EC0-301F-11D3-BF4B-00C04F79EFBC}") = "BuildingBlocks.Messaging", "BuildingBlocks\BuildingBlocks.Messaging\BuildingBlocks.Messaging.csproj", "{55F6F0A1-4D28-4202-982D-72A07472F0DC}"
EndProject
Global
	GlobalSection(SolutionConfigurationPlatforms) = preSolution
		Debug|Any CPU = Debug|Any CPU
		Release|Any CPU = Release|Any CPU
	EndGlobalSection
	GlobalSection(ProjectConfigurationPlatforms) = postSolution
		{A1E8F181-CE31-4DBE-997F-8E2AB69A0B1C}.Debug|Any CPU.ActiveCfg = Debug|Any CPU
		{A1E8F181-CE31-4DBE-997F-8E2AB69A0B1C}.Debug|Any CPU.Build.0 = Debug|Any CPU
		{A1E8F181-CE31-4DBE-997F-8E2AB69A0B1C}.Release|Any CPU.ActiveCfg = Release|Any CPU
		{A1E8F181-CE31-4DBE-997F-8E2AB69A0B1C}.Release|Any CPU.Build.0 = Release|Any CPU
		{8096B9F9-1C9E-49CE-B407-F864B2FB361B}.Debug|Any CPU.ActiveCfg = Debug|Any CPU
		{8096B9F9-1C9E-49CE-B407-F864B2FB361B}.Debug|Any CPU.Build.0 = Debug|Any CPU
		{8096B9F9-1C9E-49CE-B407-F864B2FB361B}.Release|Any CPU.ActiveCfg = Release|Any CPU
		{8096B9F9-1C9E-49CE-B407-F864B2FB361B}.Release|Any CPU.Build.0 = Release|Any CPU
		{3AFB97DB-1236-4CFB-BA31-1FB484B42508}.Debug|Any CPU.ActiveCfg = Debug|Any CPU
		{3AFB97DB-1236-4CFB-BA31-1FB484B42508}.Debug|Any CPU.Build.0 = Debug|Any CPU
		{3AFB97DB-1236-4CFB-BA31-1FB484B42508}.Release|Any CPU.ActiveCfg = Release|Any CPU
		{3AFB97DB-1236-4CFB-BA31-1FB484B42508}.Release|Any CPU.Build.0 = Release|Any CPU
		{DE9260CB-E433-42D1-B51C-71059096731B}.Debug|Any CPU.ActiveCfg = Debug|Any CPU
		{DE9260CB-E433-42D1-B51C-71059096731B}.Debug|Any CPU.Build.0 = Debug|Any CPU
		{DE9260CB-E433-42D1-B51C-71059096731B}.Release|Any CPU.ActiveCfg = Release|Any CPU
		{DE9260CB-E433-42D1-B51C-71059096731B}.Release|Any CPU.Build.0 = Release|Any CPU
		{AC81DBCC-5352-4B8A-8274-99776F5AAFC6}.Debug|Any CPU.ActiveCfg = Debug|Any CPU
		{AC81DBCC-5352-4B8A-8274-99776F5AAFC6}.Debug|Any CPU.Build.0 = Debug|Any CPU
		{AC81DBCC-5352-4B8A-8274-99776F5AAFC6}.Release|Any CPU.ActiveCfg = Release|Any CPU
		{AC81DBCC-5352-4B8A-8274-99776F5AAFC6}.Release|Any CPU.Build.0 = Release|Any CPU
		{F94D906C-DE46-4DED-AD19-E8A136D2F7A6}.Debug|Any CPU.ActiveCfg = Debug|Any CPU
		{F94D906C-DE46-4DED-AD19-E8A136D2F7A6}.Debug|Any CPU.Build.0 = Debug|Any CPU
		{F94D906C-DE46-4DED-AD19-E8A136D2F7A6}.Release|Any CPU.ActiveCfg = Release|Any CPU
		{F94D906C-DE46-4DED-AD19-E8A136D2F7A6}.Release|Any CPU.Build.0 = Release|Any CPU
		{EC9EE24E-5771-4A53-9076-3FEF48BD3CFB}.Debug|Any CPU.ActiveCfg = Debug|Any CPU
		{EC9EE24E-5771-4A53-9076-3FEF48BD3CFB}.Debug|Any CPU.Build.0 = Debug|Any CPU
		{EC9EE24E-5771-4A53-9076-3FEF48BD3CFB}.Release|Any CPU.ActiveCfg = Release|Any CPU
		{EC9EE24E-5771-4A53-9076-3FEF48BD3CFB}.Release|Any CPU.Build.0 = Release|Any CPU
		{764E0D3C-9BC5-44CF-A822-BAE295D54234}.Debug|Any CPU.ActiveCfg = Debug|Any CPU
		{764E0D3C-9BC5-44CF-A822-BAE295D54234}.Debug|Any CPU.Build.0 = Debug|Any CPU
		{764E0D3C-9BC5-44CF-A822-BAE295D54234}.Release|Any CPU.ActiveCfg = Release|Any CPU
		{764E0D3C-9BC5-44CF-A822-BAE295D54234}.Release|Any CPU.Build.0 = Release|Any CPU
		{D8F4E782-32EC-4D30-884A-D6B1B313CB4B}.Debug|Any CPU.ActiveCfg = Debug|Any CPU
		{D8F4E782-32EC-4D30-884A-D6B1B313CB4B}.Debug|Any CPU.Build.0 = Debug|Any CPU
		{D8F4E782-32EC-4D30-884A-D6B1B313CB4B}.Release|Any CPU.ActiveCfg = Release|Any CPU
		{D8F4E782-32EC-4D30-884A-D6B1B313CB4B}.Release|Any CPU.Build.0 = Release|Any CPU
		{55F6F0A1-4D28-4202-982D-72A07472F0DC}.Debug|Any CPU.ActiveCfg = Debug|Any CPU
		{55F6F0A1-4D28-4202-982D-72A07472F0DC}.Debug|Any CPU.Build.0 = Debug|Any CPU
		{55F6F0A1-4D28-4202-982D-72A07472F0DC}.Release|Any CPU.ActiveCfg = Release|Any CPU
		{55F6F0A1-4D28-4202-982D-72A07472F0DC}.Release|Any CPU.Build.0 = Release|Any CPU
	EndGlobalSection
	GlobalSection(SolutionProperties) = preSolution
		HideSolutionNode = FALSE
	EndGlobalSection
	GlobalSection(NestedProjects) = preSolution
		{D47918FA-5EEF-4B72-A1FD-C50EEA4EAD74} = {1DC6F731-87A2-4835-8D51-D17431DF47B5}
		{A1E8F181-CE31-4DBE-997F-8E2AB69A0B1C} = {D47918FA-5EEF-4B72-A1FD-C50EEA4EAD74}
		{8096B9F9-1C9E-49CE-B407-F864B2FB361B} = {9BB2A490-9CEB-48C0-938E-11A18BF37F23}
		{14B54E68-D8E0-4735-A919-9976EF72FEAB} = {1DC6F731-87A2-4835-8D51-D17431DF47B5}
		{DE9260CB-E433-42D1-B51C-71059096731B} = {14B54E68-D8E0-4735-A919-9976EF72FEAB}
		{F079BEB9-EDEB-4611-A9D1-3C32ACD281DE} = {1DC6F731-87A2-4835-8D51-D17431DF47B5}
		{AC81DBCC-5352-4B8A-8274-99776F5AAFC6} = {F079BEB9-EDEB-4611-A9D1-3C32ACD281DE}
		{C58F8082-076C-4C03-B713-77434AF85092} = {1DC6F731-87A2-4835-8D51-D17431DF47B5}
		{F94D906C-DE46-4DED-AD19-E8A136D2F7A6} = {C58F8082-076C-4C03-B713-77434AF85092}
		{EC9EE24E-5771-4A53-9076-3FEF48BD3CFB} = {C58F8082-076C-4C03-B713-77434AF85092}
		{764E0D3C-9BC5-44CF-A822-BAE295D54234} = {C58F8082-076C-4C03-B713-77434AF85092}
		{D8F4E782-32EC-4D30-884A-D6B1B313CB4B} = {C58F8082-076C-4C03-B713-77434AF85092}
		{55F6F0A1-4D28-4202-982D-72A07472F0DC} = {9BB2A490-9CEB-48C0-938E-11A18BF37F23}
	EndGlobalSection
	GlobalSection(ExtensibilityGlobals) = postSolution
		SolutionGuid = {AACA7622-F2E8-4888-9D32-F23C08FB598E}
	EndGlobalSection
EndGlobal
